
Microsoft Visual Studio Solution File, Format Version 12.00
# Visual Studio 14
VisualStudioVersion = 14.0.25420.1
MinimumVisualStudioVersion = 10.0.40219.1
Project("{FAE04EC0-301F-11D3-BF4B-00C04F79EFBC}") = "BingMapWpf", "BingMapsWPf\BingMapWpf.csproj", "{A1E3FA7A-73D3-4CCA-A9D8-A6A74523B893}"
EndProject
Project("{FAE04EC0-301F-11D3-BF4B-00C04F79EFBC}") = "GMapWpf", "GMapWpf\GMapWpf.csproj", "{FFE9196F-F05A-4A28-BD25-B3A882D5801B}"
EndProject
Global
	GlobalSection(SolutionConfigurationPlatforms) = preSolution
		Debug|Any CPU = Debug|Any CPU
		Release|Any CPU = Release|Any CPU
	EndGlobalSection
	GlobalSection(ProjectConfigurationPlatforms) = postSolution
		{A1E3FA7A-73D3-4CCA-A9D8-A6A74523B893}.Debug|Any CPU.ActiveCfg = Debug|Any CPU
		{A1E3FA7A-73D3-4CCA-A9D8-A6A74523B893}.Debug|Any CPU.Build.0 = Debug|Any CPU
		{A1E3FA7A-73D3-4CCA-A9D8-A6A74523B893}.Release|Any CPU.ActiveCfg = Release|Any CPU
		{A1E3FA7A-73D3-4CCA-A9D8-A6A74523B893}.Release|Any CPU.Build.0 = Release|Any CPU
		{FFE9196F-F05A-4A28-BD25-B3A882D5801B}.Debug|Any CPU.ActiveCfg = Debug|Any CPU
		{FFE9196F-F05A-4A28-BD25-B3A882D5801B}.Debug|Any CPU.Build.0 = Debug|Any CPU
		{FFE9196F-F05A-4A28-BD25-B3A882D5801B}.Release|Any CPU.ActiveCfg = Release|Any CPU
		{FFE9196F-F05A-4A28-BD25-B3A882D5801B}.Release|Any CPU.Build.0 = Release|Any CPU
	EndGlobalSection
	GlobalSection(SolutionProperties) = preSolution
		HideSolutionNode = FALSE
	EndGlobalSection
EndGlobal
